
Microsoft Visual Studio Solution File, Format Version 10.00
# Visual C++ Express 2008
Project("{8BC9CEB8-8B4A-11D0-8D11-00A0C91BC942}") = "Bar", "Bar\Bar.vcproj", "{17A9DA77-9053-41AE-BA9A-F5D9AD3A58AD}"
	ProjectSection(ProjectDependencies) = postProject
		{A6430D9E-37B9-4C57-A7B7-7B4D6462E7DC} = {A6430D9E-37B9-4C57-A7B7-7B4D6462E7DC}
	EndProjectSection
EndProject
Project("{8BC9CEB8-8B4A-11D0-8D11-00A0C91BC942}") = "Foo", "Foo\Foo.vcproj", "{A6430D9E-37B9-4C57-A7B7-7B4D6462E7DC}"
EndProject
Global
	GlobalSection(SolutionConfigurationPlatforms) = preSolution
		Debug|Win32 = Debug|Win32
		Release|Win32 = Release|Win32
	EndGlobalSection
	GlobalSection(ProjectConfigurationPlatforms) = postSolution
		{17A9DA77-9053-41AE-BA9A-F5D9AD3A58AD}.Debug|Win32.ActiveCfg = Debug|Win32
		{17A9DA77-9053-41AE-BA9A-F5D9AD3A58AD}.Debug|Win32.Build.0 = Debug|Win32
		{17A9DA77-9053-41AE-BA9A-F5D9AD3A58AD}.Release|Win32.ActiveCfg = Release|Win32
		{17A9DA77-9053-41AE-BA9A-F5D9AD3A58AD}.Release|Win32.Build.0 = Release|Win32
		{A6430D9E-37B9-4C57-A7B7-7B4D6462E7DC}.Debug|Win32.ActiveCfg = Debug|Win32
		{A6430D9E-37B9-4C57-A7B7-7B4D6462E7DC}.Debug|Win32.Build.0 = Debug|Win32
		{A6430D9E-37B9-4C57-A7B7-7B4D6462E7DC}.Release|Win32.ActiveCfg = Release|Win32
		{A6430D9E-37B9-4C57-A7B7-7B4D6462E7DC}.Release|Win32.Build.0 = Release|Win32
	EndGlobalSection
	GlobalSection(SolutionProperties) = preSolution
		HideSolutionNode = FALSE
	EndGlobalSection
EndGlobal
