
Microsoft Visual Studio Solution File, Format Version 9.00
# Visual C# Express 2005
Project("{FAE04EC0-301F-11D3-BF4B-00C04F79EFBC}") = "Defrag", "Defrag\Defrag.csproj", "{875A996F-54ED-44E0-9257-975B6BE060C0}"
EndProject
Project("{FAE04EC0-301F-11D3-BF4B-00C04F79EFBC}") = "DefragBinary", "DefragBinary\DefragBinary.csproj", "{543C912C-A552-4A9E-909F-DC8E7BF4001B}"
EndProject
Project("{FAE04EC0-301F-11D3-BF4B-00C04F79EFBC}") = "DefragTest", "DefragTest\DefragTest.csproj", "{FBFB5A2A-91F1-42AE-96DA-4FB93424E382}"
EndProject
Project("{FAE04EC0-301F-11D3-BF4B-00C04F79EFBC}") = "DefragUnitTests", "DefragUnitTests\DefragUnitTests.csproj", "{68032915-1D4D-4C57-BD27-A1731A0BD870}"
EndProject
Project("{FAE04EC0-301F-11D3-BF4B-00C04F79EFBC}") = "DefragService", "DefragService\DefragService.csproj", "{71B3ABAB-C7DA-4937-AD1D-DF1257AE5204}"
EndProject
Global
	GlobalSection(SolutionConfigurationPlatforms) = preSolution
		Debug|Any CPU = Debug|Any CPU
		Release|Any CPU = Release|Any CPU
	EndGlobalSection
	GlobalSection(ProjectConfigurationPlatforms) = postSolution
		{875A996F-54ED-44E0-9257-975B6BE060C0}.Debug|Any CPU.ActiveCfg = Debug|Any CPU
		{875A996F-54ED-44E0-9257-975B6BE060C0}.Debug|Any CPU.Build.0 = Debug|Any CPU
		{875A996F-54ED-44E0-9257-975B6BE060C0}.Release|Any CPU.ActiveCfg = Release|Any CPU
		{875A996F-54ED-44E0-9257-975B6BE060C0}.Release|Any CPU.Build.0 = Release|Any CPU
		{543C912C-A552-4A9E-909F-DC8E7BF4001B}.Debug|Any CPU.ActiveCfg = Debug|Any CPU
		{543C912C-A552-4A9E-909F-DC8E7BF4001B}.Debug|Any CPU.Build.0 = Debug|Any CPU
		{543C912C-A552-4A9E-909F-DC8E7BF4001B}.Release|Any CPU.ActiveCfg = Release|Any CPU
		{543C912C-A552-4A9E-909F-DC8E7BF4001B}.Release|Any CPU.Build.0 = Release|Any CPU
		{FBFB5A2A-91F1-42AE-96DA-4FB93424E382}.Debug|Any CPU.ActiveCfg = Debug|Any CPU
		{FBFB5A2A-91F1-42AE-96DA-4FB93424E382}.Debug|Any CPU.Build.0 = Debug|Any CPU
		{FBFB5A2A-91F1-42AE-96DA-4FB93424E382}.Release|Any CPU.ActiveCfg = Release|Any CPU
		{FBFB5A2A-91F1-42AE-96DA-4FB93424E382}.Release|Any CPU.Build.0 = Release|Any CPU
		{68032915-1D4D-4C57-BD27-A1731A0BD870}.Debug|Any CPU.ActiveCfg = Debug|Any CPU
		{68032915-1D4D-4C57-BD27-A1731A0BD870}.Debug|Any CPU.Build.0 = Debug|Any CPU
		{68032915-1D4D-4C57-BD27-A1731A0BD870}.Release|Any CPU.ActiveCfg = Release|Any CPU
		{68032915-1D4D-4C57-BD27-A1731A0BD870}.Release|Any CPU.Build.0 = Release|Any CPU
		{71B3ABAB-C7DA-4937-AD1D-DF1257AE5204}.Debug|Any CPU.ActiveCfg = Debug|Any CPU
		{71B3ABAB-C7DA-4937-AD1D-DF1257AE5204}.Debug|Any CPU.Build.0 = Debug|Any CPU
		{71B3ABAB-C7DA-4937-AD1D-DF1257AE5204}.Release|Any CPU.ActiveCfg = Release|Any CPU
		{71B3ABAB-C7DA-4937-AD1D-DF1257AE5204}.Release|Any CPU.Build.0 = Release|Any CPU
	EndGlobalSection
	GlobalSection(SolutionProperties) = preSolution
		HideSolutionNode = FALSE
	EndGlobalSection
EndGlobal
