
Microsoft Visual Studio Solution File, Format Version 10.00
# Visual C# Express 2008
Project("{FAE04EC0-301F-11D3-BF4B-00C04F79EFBC}") = "SampleTargetManaged", "SampleTargetManaged\SampleTargetManaged.csproj", "{9B76181B-9D04-4DD8-AEAD-B4FDCDB62998}"
EndProject
Global
	GlobalSection(SolutionConfigurationPlatforms) = preSolution
		Debug|Any CPU = Debug|Any CPU
		Release|Any CPU = Release|Any CPU
	EndGlobalSection
	GlobalSection(ProjectConfigurationPlatforms) = postSolution
		{9B76181B-9D04-4DD8-AEAD-B4FDCDB62998}.Debug|Any CPU.ActiveCfg = Debug|Any CPU
		{9B76181B-9D04-4DD8-AEAD-B4FDCDB62998}.Debug|Any CPU.Build.0 = Debug|Any CPU
		{9B76181B-9D04-4DD8-AEAD-B4FDCDB62998}.Release|Any CPU.ActiveCfg = Release|Any CPU
		{9B76181B-9D04-4DD8-AEAD-B4FDCDB62998}.Release|Any CPU.Build.0 = Release|Any CPU
	EndGlobalSection
	GlobalSection(SolutionProperties) = preSolution
		HideSolutionNode = FALSE
	EndGlobalSection
EndGlobal
